
Microsoft Visual Studio Solution File, Format Version 12.00
# Visual Studio Version 17
VisualStudioVersion = 17.5.33516.290
MinimumVisualStudioVersion = 10.0.40219.1
Project("{FAE04EC0-301F-11D3-BF4B-00C04F79EFBC}") = "builderInDotnetCore", "builderInDotnetCore\builderInDotnetCore.csproj", "{568AF5B9-73A0-4F4B-8806-CA4525804598}"
EndProject
Global
	GlobalSection(SolutionConfigurationPlatforms) = preSolution
		Debug|Any CPU = Debug|Any CPU
		Release|Any CPU = Release|Any CPU
	EndGlobalSection
	GlobalSection(ProjectConfigurationPlatforms) = postSolution
		{568AF5B9-73A0-4F4B-8806-CA4525804598}.Debug|Any CPU.ActiveCfg = Debug|Any CPU
		{568AF5B9-73A0-4F4B-8806-CA4525804598}.Debug|Any CPU.Build.0 = Debug|Any CPU
		{568AF5B9-73A0-4F4B-8806-CA4525804598}.Release|Any CPU.ActiveCfg = Release|Any CPU
		{568AF5B9-73A0-4F4B-8806-CA4525804598}.Release|Any CPU.Build.0 = Release|Any CPU
	EndGlobalSection
	GlobalSection(SolutionProperties) = preSolution
		HideSolutionNode = FALSE
	EndGlobalSection
	GlobalSection(ExtensibilityGlobals) = postSolution
		SolutionGuid = {AA820849-3DA6-4425-8933-B6EFF678F210}
	EndGlobalSection
EndGlobal
